
Microsoft Visual Studio Solution File, Format Version 12.00
# Visual Studio 2017
Project("{FAE04EC0-301F-11D3-BF4B-00C04F79EFBC}") = "XControl", "XControl.csproj", "{C6651F0F-F38D-A9D2-BE97-04C0CECBAB1E}"
EndProject
Project("{FAE04EC0-301F-11D3-BF4B-00C04F79EFBC}") = "XControl.Editor", "XControl.Editor.csproj", "{947AA8B5-8ED8-6AFE-730D-96076A711343}"
EndProject
Global
	GlobalSection(SolutionConfigurationPlatforms) = preSolution
		Debug|Any CPU = Debug|Any CPU
		Release|Any CPU = Release|Any CPU
	EndGlobalSection
	GlobalSection(ProjectConfigurationPlatforms) = postSolution
		{C6651F0F-F38D-A9D2-BE97-04C0CECBAB1E}.Debug|Any CPU.ActiveCfg = Debug|Any CPU
		{C6651F0F-F38D-A9D2-BE97-04C0CECBAB1E}.Debug|Any CPU.Build.0 = Debug|Any CPU
		{C6651F0F-F38D-A9D2-BE97-04C0CECBAB1E}.Release|Any CPU.ActiveCfg = Release|Any CPU
		{C6651F0F-F38D-A9D2-BE97-04C0CECBAB1E}.Release|Any CPU.Build.0 = Release|Any CPU
		{947AA8B5-8ED8-6AFE-730D-96076A711343}.Debug|Any CPU.ActiveCfg = Debug|Any CPU
		{947AA8B5-8ED8-6AFE-730D-96076A711343}.Debug|Any CPU.Build.0 = Debug|Any CPU
		{947AA8B5-8ED8-6AFE-730D-96076A711343}.Release|Any CPU.ActiveCfg = Release|Any CPU
		{947AA8B5-8ED8-6AFE-730D-96076A711343}.Release|Any CPU.Build.0 = Release|Any CPU
	EndGlobalSection
	GlobalSection(SolutionProperties) = preSolution
		HideSolutionNode = FALSE
	EndGlobalSection
EndGlobal
